// !$*UTF8*$!
{
	archiveVersion = 1;
	classes = {
	};
	objectVersion = 51;
	objects = {

/* Begin PBXBuildFile section */
		012FB0752327F9FA005F69B9 /* AppDelegate.swift in Sources */ = {isa = PBXBuildFile; fileRef = 012FB0742327F9FA005F69B9 /* AppDelegate.swift */; };
		012FB0772327F9FA005F69B9 /* PostsViewController.swift in Sources */ = {isa = PBXBuildFile; fileRef = 012FB0762327F9FA005F69B9 /* PostsViewController.swift */; };
		012FB07A2327F9FA005F69B9 /* Main.storyboard in Resources */ = {isa = PBXBuildFile; fileRef = 012FB0782327F9FA005F69B9 /* Main.storyboard */; };
		012FB07C2327F9FB005F69B9 /* Assets.xcassets in Resources */ = {isa = PBXBuildFile; fileRef = 012FB07B2327F9FB005F69B9 /* Assets.xcassets */; };
		012FB07F2327F9FB005F69B9 /* LaunchScreen.storyboard in Resources */ = {isa = PBXBuildFile; fileRef = 012FB07D2327F9FB005F69B9 /* LaunchScreen.storyboard */; };
		012FB0952327F9FB005F69B9 /* RedditCloneUITests.swift in Sources */ = {isa = PBXBuildFile; fileRef = 012FB0942327F9FB005F69B9 /* RedditCloneUITests.swift */; };
		012FB0A723283BFF005F69B9 /* Coordinator.swift in Sources */ = {isa = PBXBuildFile; fileRef = 012FB0A623283BFF005F69B9 /* Coordinator.swift */; };
		012FB0A923283C97005F69B9 /* HomeCoordinator.swift in Sources */ = {isa = PBXBuildFile; fileRef = 012FB0A823283C97005F69B9 /* HomeCoordinator.swift */; };
		012FB0AB23283F42005F69B9 /* PostsViewModel.swift in Sources */ = {isa = PBXBuildFile; fileRef = 012FB0AA23283F42005F69B9 /* PostsViewModel.swift */; };
		012FB0AE232869E9005F69B9 /* UINavigationController+Extensions.swift in Sources */ = {isa = PBXBuildFile; fileRef = 012FB0AD232869E9005F69B9 /* UINavigationController+Extensions.swift */; };
		012FB0B123286BFE005F69B9 /* PostsDataManager.swift in Sources */ = {isa = PBXBuildFile; fileRef = 012FB0B023286BFE005F69B9 /* PostsDataManager.swift */; };
		012FB0B42328703A005F69B9 /* PostTableViewCell.swift in Sources */ = {isa = PBXBuildFile; fileRef = 012FB0B32328703A005F69B9 /* PostTableViewCell.swift */; };
		012FB0B723287451005F69B9 /* PostsView.swift in Sources */ = {isa = PBXBuildFile; fileRef = 012FB0B623287451005F69B9 /* PostsView.swift */; };
		012FB0B923287788005F69B9 /* PostsResponse.swift in Sources */ = {isa = PBXBuildFile; fileRef = 012FB0B823287788005F69B9 /* PostsResponse.swift */; };
		012FB0BC23294812005F69B9 /* PostsService.swift in Sources */ = {isa = PBXBuildFile; fileRef = 012FB0BB23294812005F69B9 /* PostsService.swift */; };
		0162DC7F23CEA224006CE5B0 /* PostsEndpoint.swift in Sources */ = {isa = PBXBuildFile; fileRef = 0162DC7E23CEA224006CE5B0 /* PostsEndpoint.swift */; };
		0171D27623D361490078C660 /* PostsServiceTests.swift in Sources */ = {isa = PBXBuildFile; fileRef = 0171D27523D361490078C660 /* PostsServiceTests.swift */; };
		0171D27823D361860078C660 /* MockNetworking.swift in Sources */ = {isa = PBXBuildFile; fileRef = 0171D27723D361860078C660 /* MockNetworking.swift */; };
		0171D27E23D36E670078C660 /* HomeCoordinatorTests.swift in Sources */ = {isa = PBXBuildFile; fileRef = 0171D27D23D36E670078C660 /* HomeCoordinatorTests.swift */; };
		0171D28023D3713E0078C660 /* Router.swift in Sources */ = {isa = PBXBuildFile; fileRef = 0171D27F23D3713E0078C660 /* Router.swift */; };
		0171D28323D373A40078C660 /* MockRouter.swift in Sources */ = {isa = PBXBuildFile; fileRef = 0171D28123D3732F0078C660 /* MockRouter.swift */; };
		0171D28523D377BC0078C660 /* SubredditsViewModelTests.swift in Sources */ = {isa = PBXBuildFile; fileRef = 0171D28423D377BC0078C660 /* SubredditsViewModelTests.swift */; };
		0171D28723D3784B0078C660 /* MockSubredditsService.swift in Sources */ = {isa = PBXBuildFile; fileRef = 0171D28623D3784B0078C660 /* MockSubredditsService.swift */; };
		0171D28923D37A5C0078C660 /* SubredditsServiceTests.swift in Sources */ = {isa = PBXBuildFile; fileRef = 0171D28823D37A5C0078C660 /* SubredditsServiceTests.swift */; };
		0171D28B23D37B880078C660 /* MockSubredditsViewModel.swift in Sources */ = {isa = PBXBuildFile; fileRef = 0171D28A23D37B880078C660 /* MockSubredditsViewModel.swift */; };
		0171D28D23D37BF70078C660 /* SubredditsViewControllerTests.swift in Sources */ = {isa = PBXBuildFile; fileRef = 0171D28C23D37BF70078C660 /* SubredditsViewControllerTests.swift */; };
		0171D29123D3AFCF0078C660 /* HomeScreen.swift in Sources */ = {isa = PBXBuildFile; fileRef = 0171D29023D3AFCF0078C660 /* HomeScreen.swift */; };
		0171D29323D3AFF10078C660 /* UITestFactory.swift in Sources */ = {isa = PBXBuildFile; fileRef = 0171D29223D3AFF10078C660 /* UITestFactory.swift */; };
		0171D29523D3B40C0078C660 /* SubredditScreen.swift in Sources */ = {isa = PBXBuildFile; fileRef = 0171D29423D3B40C0078C660 /* SubredditScreen.swift */; };
		0171D29823D3B5410078C660 /* UITestHelpers.swift in Sources */ = {isa = PBXBuildFile; fileRef = 0171D29723D3B5410078C660 /* UITestHelpers.swift */; };
		0171D29A23D3B5BB0078C660 /* App.swift in Sources */ = {isa = PBXBuildFile; fileRef = 0171D29923D3B5BB0078C660 /* App.swift */; };
		018B96A723D0ABD30093D047 /* SubredditsViewModel.swift in Sources */ = {isa = PBXBuildFile; fileRef = 018B96A623D0ABD30093D047 /* SubredditsViewModel.swift */; };
		018B96A923D0ADF40093D047 /* SubredditsService.swift in Sources */ = {isa = PBXBuildFile; fileRef = 018B96A823D0ADF40093D047 /* SubredditsService.swift */; };
		018B96AB23D0B5870093D047 /* SubredditsEndpoint.swift in Sources */ = {isa = PBXBuildFile; fileRef = 018B96AA23D0B5870093D047 /* SubredditsEndpoint.swift */; };
		018B96AD23D0B9700093D047 /* SubredditResponse.swift in Sources */ = {isa = PBXBuildFile; fileRef = 018B96AC23D0B9700093D047 /* SubredditResponse.swift */; };
		018B96AF23D0B9960093D047 /* Subreddit.swift in Sources */ = {isa = PBXBuildFile; fileRef = 018B96AE23D0B9960093D047 /* Subreddit.swift */; };
		018B96B123D0DAA10093D047 /* Colors.swift in Sources */ = {isa = PBXBuildFile; fileRef = 018B96B023D0DAA10093D047 /* Colors.swift */; };
		018B96B623D294590093D047 /* PostsViewModelTests.swift in Sources */ = {isa = PBXBuildFile; fileRef = 018B96B523D294590093D047 /* PostsViewModelTests.swift */; };
		018B96B923D29C0A0093D047 /* MockPostsService.swift in Sources */ = {isa = PBXBuildFile; fileRef = 018B96B823D29C0A0093D047 /* MockPostsService.swift */; };
		018B96BC23D2A3620093D047 /* PostsViewControllerTests.swift in Sources */ = {isa = PBXBuildFile; fileRef = 018B96BB23D2A3620093D047 /* PostsViewControllerTests.swift */; };
		018B96BE23D2A3FD0093D047 /* MockPostsViewModel.swift in Sources */ = {isa = PBXBuildFile; fileRef = 018B96BD23D2A3FD0093D047 /* MockPostsViewModel.swift */; };
		0191312A23D00A8D00D8F451 /* Banner.swift in Sources */ = {isa = PBXBuildFile; fileRef = 0191312923D00A8C00D8F451 /* Banner.swift */; };
		01C24E5123D004730090E548 /* Factory.swift in Sources */ = {isa = PBXBuildFile; fileRef = 01C24E5023D004730090E548 /* Factory.swift */; };
		01C24E5423D004AB0090E548 /* Views.swift in Sources */ = {isa = PBXBuildFile; fileRef = 01C24E5323D004AB0090E548 /* Views.swift */; };
		01CF99EC23C9794F007457B8 /* UIImageView+Extensions.swift in Sources */ = {isa = PBXBuildFile; fileRef = 01CF99EB23C9794F007457B8 /* UIImageView+Extensions.swift */; };
		01CF99EE23CA9F0F007457B8 /* UITextField+Extensions.swift in Sources */ = {isa = PBXBuildFile; fileRef = 01CF99ED23CA9F0F007457B8 /* UITextField+Extensions.swift */; };
		01CF99F023CBDB7F007457B8 /* SubredditsViewController.swift in Sources */ = {isa = PBXBuildFile; fileRef = 01CF99EF23CBDB7F007457B8 /* SubredditsViewController.swift */; };
		01CF99F223CBDCA9007457B8 /* UIViewController+Extensions.swift in Sources */ = {isa = PBXBuildFile; fileRef = 01CF99F123CBDCA9007457B8 /* UIViewController+Extensions.swift */; };
		01CF99F423CBED94007457B8 /* DispatchQueue+Extensions.swift in Sources */ = {isa = PBXBuildFile; fileRef = 01CF99F323CBED94007457B8 /* DispatchQueue+Extensions.swift */; };
		01CF99F623CC0B28007457B8 /* Networking.swift in Sources */ = {isa = PBXBuildFile; fileRef = 01CF99F523CC0B28007457B8 /* Networking.swift */; };
		01CF99F923CD2AD3007457B8 /* Endpoint.swift in Sources */ = {isa = PBXBuildFile; fileRef = 01CF99F823CD2AD3007457B8 /* Endpoint.swift */; };
		01CF99FB23CD47C1007457B8 /* Post.swift in Sources */ = {isa = PBXBuildFile; fileRef = 01CF99FA23CD47C1007457B8 /* Post.swift */; };
		68D7A372E1990179EC4D8EFA /* Pods_RedditCloneTests.framework in Frameworks */ = {isa = PBXBuildFile; fileRef = 99760B6664453CF83B9452AD /* Pods_RedditCloneTests.framework */; };
		A29254399E28EFFFB376121B /* Pods_RedditClone.framework in Frameworks */ = {isa = PBXBuildFile; fileRef = 69CBF1E40203E714AE4EBA7D /* Pods_RedditClone.framework */; };
/* End PBXBuildFile section */

/* Begin PBXContainerItemProxy section */
		012FB0862327F9FB005F69B9 /* PBXContainerItemProxy */ = {
			isa = PBXContainerItemProxy;
			containerPortal = 012FB0692327F9FA005F69B9 /* Project object */;
			proxyType = 1;
			remoteGlobalIDString = 012FB0702327F9FA005F69B9;
			remoteInfo = RedditClone;
		};
		012FB0912327F9FB005F69B9 /* PBXContainerItemProxy */ = {
			isa = PBXContainerItemProxy;
			containerPortal = 012FB0692327F9FA005F69B9 /* Project object */;
			proxyType = 1;
			remoteGlobalIDString = 012FB0702327F9FA005F69B9;
			remoteInfo = RedditClone;
		};
/* End PBXContainerItemProxy section */

/* Begin PBXFileReference section */
		012FB0712327F9FA005F69B9 /* RedditClone.app */ = {isa = PBXFileReference; explicitFileType = wrapper.application; includeInIndex = 0; path = RedditClone.app; sourceTree = BUILT_PRODUCTS_DIR; };
		012FB0742327F9FA005F69B9 /* AppDelegate.swift */ = {isa = PBXFileReference; lastKnownFileType = sourcecode.swift; path = AppDelegate.swift; sourceTree = "<group>"; };
		012FB0762327F9FA005F69B9 /* PostsViewController.swift */ = {isa = PBXFileReference; lastKnownFileType = sourcecode.swift; path = PostsViewController.swift; sourceTree = "<group>"; };
		012FB0792327F9FA005F69B9 /* Base */ = {isa = PBXFileReference; lastKnownFileType = file.storyboard; name = Base; path = Base.lproj/Main.storyboard; sourceTree = "<group>"; };
		012FB07B2327F9FB005F69B9 /* Assets.xcassets */ = {isa = PBXFileReference; lastKnownFileType = folder.assetcatalog; path = Assets.xcassets; sourceTree = "<group>"; };
		012FB07E2327F9FB005F69B9 /* Base */ = {isa = PBXFileReference; lastKnownFileType = file.storyboard; name = Base; path = Base.lproj/LaunchScreen.storyboard; sourceTree = "<group>"; };
		012FB0802327F9FB005F69B9 /* Info.plist */ = {isa = PBXFileReference; lastKnownFileType = text.plist.xml; path = Info.plist; sourceTree = "<group>"; };
		012FB0852327F9FB005F69B9 /* RedditCloneTests.xctest */ = {isa = PBXFileReference; explicitFileType = wrapper.cfbundle; includeInIndex = 0; path = RedditCloneTests.xctest; sourceTree = BUILT_PRODUCTS_DIR; };
		012FB08B2327F9FB005F69B9 /* Info.plist */ = {isa = PBXFileReference; lastKnownFileType = text.plist.xml; path = Info.plist; sourceTree = "<group>"; };
		012FB0902327F9FB005F69B9 /* RedditCloneUITests.xctest */ = {isa = PBXFileReference; explicitFileType = wrapper.cfbundle; includeInIndex = 0; path = RedditCloneUITests.xctest; sourceTree = BUILT_PRODUCTS_DIR; };
		012FB0942327F9FB005F69B9 /* RedditCloneUITests.swift */ = {isa = PBXFileReference; lastKnownFileType = sourcecode.swift; path = RedditCloneUITests.swift; sourceTree = "<group>"; };
		012FB0962327F9FB005F69B9 /* Info.plist */ = {isa = PBXFileReference; lastKnownFileType = text.plist.xml; path = Info.plist; sourceTree = "<group>"; };
		012FB0A623283BFF005F69B9 /* Coordinator.swift */ = {isa = PBXFileReference; lastKnownFileType = sourcecode.swift; path = Coordinator.swift; sourceTree = "<group>"; };
		012FB0A823283C97005F69B9 /* HomeCoordinator.swift */ = {isa = PBXFileReference; lastKnownFileType = sourcecode.swift; path = HomeCoordinator.swift; sourceTree = "<group>"; };
		012FB0AA23283F42005F69B9 /* PostsViewModel.swift */ = {isa = PBXFileReference; lastKnownFileType = sourcecode.swift; path = PostsViewModel.swift; sourceTree = "<group>"; };
		012FB0AD232869E9005F69B9 /* UINavigationController+Extensions.swift */ = {isa = PBXFileReference; lastKnownFileType = sourcecode.swift; path = "UINavigationController+Extensions.swift"; sourceTree = "<group>"; };
		012FB0B023286BFE005F69B9 /* PostsDataManager.swift */ = {isa = PBXFileReference; lastKnownFileType = sourcecode.swift; path = PostsDataManager.swift; sourceTree = "<group>"; };
		012FB0B32328703A005F69B9 /* PostTableViewCell.swift */ = {isa = PBXFileReference; lastKnownFileType = sourcecode.swift; path = PostTableViewCell.swift; sourceTree = "<group>"; };
		012FB0B623287451005F69B9 /* PostsView.swift */ = {isa = PBXFileReference; lastKnownFileType = sourcecode.swift; path = PostsView.swift; sourceTree = "<group>"; };
		012FB0B823287788005F69B9 /* PostsResponse.swift */ = {isa = PBXFileReference; lastKnownFileType = sourcecode.swift; path = PostsResponse.swift; sourceTree = "<group>"; };
		012FB0BB23294812005F69B9 /* PostsService.swift */ = {isa = PBXFileReference; lastKnownFileType = sourcecode.swift; path = PostsService.swift; sourceTree = "<group>"; };
		0162DC7E23CEA224006CE5B0 /* PostsEndpoint.swift */ = {isa = PBXFileReference; lastKnownFileType = sourcecode.swift; path = PostsEndpoint.swift; sourceTree = "<group>"; };
		0171D27523D361490078C660 /* PostsServiceTests.swift */ = {isa = PBXFileReference; lastKnownFileType = sourcecode.swift; path = PostsServiceTests.swift; sourceTree = "<group>"; };
		0171D27723D361860078C660 /* MockNetworking.swift */ = {isa = PBXFileReference; lastKnownFileType = sourcecode.swift; path = MockNetworking.swift; sourceTree = "<group>"; };
		0171D27D23D36E670078C660 /* HomeCoordinatorTests.swift */ = {isa = PBXFileReference; lastKnownFileType = sourcecode.swift; path = HomeCoordinatorTests.swift; sourceTree = "<group>"; };
		0171D27F23D3713E0078C660 /* Router.swift */ = {isa = PBXFileReference; lastKnownFileType = sourcecode.swift; path = Router.swift; sourceTree = "<group>"; };
		0171D28123D3732F0078C660 /* MockRouter.swift */ = {isa = PBXFileReference; lastKnownFileType = sourcecode.swift; path = MockRouter.swift; sourceTree = "<group>"; };
		0171D28423D377BC0078C660 /* SubredditsViewModelTests.swift */ = {isa = PBXFileReference; lastKnownFileType = sourcecode.swift; path = SubredditsViewModelTests.swift; sourceTree = "<group>"; };
		0171D28623D3784B0078C660 /* MockSubredditsService.swift */ = {isa = PBXFileReference; lastKnownFileType = sourcecode.swift; path = MockSubredditsService.swift; sourceTree = "<group>"; };
		0171D28823D37A5C0078C660 /* SubredditsServiceTests.swift */ = {isa = PBXFileReference; lastKnownFileType = sourcecode.swift; path = SubredditsServiceTests.swift; sourceTree = "<group>"; };
		0171D28A23D37B880078C660 /* MockSubredditsViewModel.swift */ = {isa = PBXFileReference; lastKnownFileType = sourcecode.swift; path = MockSubredditsViewModel.swift; sourceTree = "<group>"; };
		0171D28C23D37BF70078C660 /* SubredditsViewControllerTests.swift */ = {isa = PBXFileReference; lastKnownFileType = sourcecode.swift; path = SubredditsViewControllerTests.swift; sourceTree = "<group>"; };
		0171D29023D3AFCF0078C660 /* HomeScreen.swift */ = {isa = PBXFileReference; lastKnownFileType = sourcecode.swift; path = HomeScreen.swift; sourceTree = "<group>"; };
		0171D29223D3AFF10078C660 /* UITestFactory.swift */ = {isa = PBXFileReference; lastKnownFileType = sourcecode.swift; path = UITestFactory.swift; sourceTree = "<group>"; };
		0171D29423D3B40C0078C660 /* SubredditScreen.swift */ = {isa = PBXFileReference; lastKnownFileType = sourcecode.swift; path = SubredditScreen.swift; sourceTree = "<group>"; };
		0171D29723D3B5410078C660 /* UITestHelpers.swift */ = {isa = PBXFileReference; lastKnownFileType = sourcecode.swift; path = UITestHelpers.swift; sourceTree = "<group>"; };
		0171D29923D3B5BB0078C660 /* App.swift */ = {isa = PBXFileReference; lastKnownFileType = sourcecode.swift; path = App.swift; sourceTree = "<group>"; };
		018B96A623D0ABD30093D047 /* SubredditsViewModel.swift */ = {isa = PBXFileReference; lastKnownFileType = sourcecode.swift; path = SubredditsViewModel.swift; sourceTree = "<group>"; };
		018B96A823D0ADF40093D047 /* SubredditsService.swift */ = {isa = PBXFileReference; lastKnownFileType = sourcecode.swift; path = SubredditsService.swift; sourceTree = "<group>"; };
		018B96AA23D0B5870093D047 /* SubredditsEndpoint.swift */ = {isa = PBXFileReference; lastKnownFileType = sourcecode.swift; path = SubredditsEndpoint.swift; sourceTree = "<group>"; };
		018B96AC23D0B9700093D047 /* SubredditResponse.swift */ = {isa = PBXFileReference; lastKnownFileType = sourcecode.swift; path = SubredditResponse.swift; sourceTree = "<group>"; };
		018B96AE23D0B9960093D047 /* Subreddit.swift */ = {isa = PBXFileReference; lastKnownFileType = sourcecode.swift; path = Subreddit.swift; sourceTree = "<group>"; };
		018B96B023D0DAA10093D047 /* Colors.swift */ = {isa = PBXFileReference; lastKnownFileType = sourcecode.swift; path = Colors.swift; sourceTree = "<group>"; };
		018B96B523D294590093D047 /* PostsViewModelTests.swift */ = {isa = PBXFileReference; lastKnownFileType = sourcecode.swift; path = PostsViewModelTests.swift; sourceTree = "<group>"; };
		018B96B823D29C0A0093D047 /* MockPostsService.swift */ = {isa = PBXFileReference; lastKnownFileType = sourcecode.swift; path = MockPostsService.swift; sourceTree = "<group>"; };
		018B96BB23D2A3620093D047 /* PostsViewControllerTests.swift */ = {isa = PBXFileReference; lastKnownFileType = sourcecode.swift; path = PostsViewControllerTests.swift; sourceTree = "<group>"; };
		018B96BD23D2A3FD0093D047 /* MockPostsViewModel.swift */ = {isa = PBXFileReference; lastKnownFileType = sourcecode.swift; path = MockPostsViewModel.swift; sourceTree = "<group>"; };
		0191312923D00A8C00D8F451 /* Banner.swift */ = {isa = PBXFileReference; fileEncoding = 4; lastKnownFileType = sourcecode.swift; path = Banner.swift; sourceTree = "<group>"; };
		01C24E5023D004730090E548 /* Factory.swift */ = {isa = PBXFileReference; lastKnownFileType = sourcecode.swift; path = Factory.swift; sourceTree = "<group>"; };
		01C24E5323D004AB0090E548 /* Views.swift */ = {isa = PBXFileReference; lastKnownFileType = sourcecode.swift; path = Views.swift; sourceTree = "<group>"; };
		01CF99EB23C9794F007457B8 /* UIImageView+Extensions.swift */ = {isa = PBXFileReference; lastKnownFileType = sourcecode.swift; path = "UIImageView+Extensions.swift"; sourceTree = "<group>"; };
		01CF99ED23CA9F0F007457B8 /* UITextField+Extensions.swift */ = {isa = PBXFileReference; lastKnownFileType = sourcecode.swift; path = "UITextField+Extensions.swift"; sourceTree = "<group>"; };
		01CF99EF23CBDB7F007457B8 /* SubredditsViewController.swift */ = {isa = PBXFileReference; lastKnownFileType = sourcecode.swift; path = SubredditsViewController.swift; sourceTree = "<group>"; };
		01CF99F123CBDCA9007457B8 /* UIViewController+Extensions.swift */ = {isa = PBXFileReference; lastKnownFileType = sourcecode.swift; path = "UIViewController+Extensions.swift"; sourceTree = "<group>"; };
		01CF99F323CBED94007457B8 /* DispatchQueue+Extensions.swift */ = {isa = PBXFileReference; lastKnownFileType = sourcecode.swift; path = "DispatchQueue+Extensions.swift"; sourceTree = "<group>"; };
		01CF99F523CC0B28007457B8 /* Networking.swift */ = {isa = PBXFileReference; lastKnownFileType = sourcecode.swift; path = Networking.swift; sourceTree = "<group>"; };
		01CF99F823CD2AD3007457B8 /* Endpoint.swift */ = {isa = PBXFileReference; lastKnownFileType = sourcecode.swift; path = Endpoint.swift; sourceTree = "<group>"; };
		01CF99FA23CD47C1007457B8 /* Post.swift */ = {isa = PBXFileReference; lastKnownFileType = sourcecode.swift; path = Post.swift; sourceTree = "<group>"; };
		19A32A4326EEA32689A70A8D /* Pods-RedditCloneTests.debug.xcconfig */ = {isa = PBXFileReference; includeInIndex = 1; lastKnownFileType = text.xcconfig; name = "Pods-RedditCloneTests.debug.xcconfig"; path = "Target Support Files/Pods-RedditCloneTests/Pods-RedditCloneTests.debug.xcconfig"; sourceTree = "<group>"; };
		69CBF1E40203E714AE4EBA7D /* Pods_RedditClone.framework */ = {isa = PBXFileReference; explicitFileType = wrapper.framework; includeInIndex = 0; path = Pods_RedditClone.framework; sourceTree = BUILT_PRODUCTS_DIR; };
		99760B6664453CF83B9452AD /* Pods_RedditCloneTests.framework */ = {isa = PBXFileReference; explicitFileType = wrapper.framework; includeInIndex = 0; path = Pods_RedditCloneTests.framework; sourceTree = BUILT_PRODUCTS_DIR; };
		9B3CB537BAC48F357B26F66D /* Pods-RedditClone.debug.xcconfig */ = {isa = PBXFileReference; includeInIndex = 1; lastKnownFileType = text.xcconfig; name = "Pods-RedditClone.debug.xcconfig"; path = "Target Support Files/Pods-RedditClone/Pods-RedditClone.debug.xcconfig"; sourceTree = "<group>"; };
		A3F3A667715DB624C32CB6A6 /* Pods-RedditClone.release.xcconfig */ = {isa = PBXFileReference; includeInIndex = 1; lastKnownFileType = text.xcconfig; name = "Pods-RedditClone.release.xcconfig"; path = "Target Support Files/Pods-RedditClone/Pods-RedditClone.release.xcconfig"; sourceTree = "<group>"; };
		D4649CDA985677FF3ED671AD /* Pods-RedditCloneTests.release.xcconfig */ = {isa = PBXFileReference; includeInIndex = 1; lastKnownFileType = text.xcconfig; name = "Pods-RedditCloneTests.release.xcconfig"; path = "Target Support Files/Pods-RedditCloneTests/Pods-RedditCloneTests.release.xcconfig"; sourceTree = "<group>"; };
/* End PBXFileReference section */

/* Begin PBXFrameworksBuildPhase section */
		012FB06E2327F9FA005F69B9 /* Frameworks */ = {
			isa = PBXFrameworksBuildPhase;
			buildActionMask = 2147483647;
			files = (
				A29254399E28EFFFB376121B /* Pods_RedditClone.framework in Frameworks */,
			);
			runOnlyForDeploymentPostprocessing = 0;
		};
		012FB0822327F9FB005F69B9 /* Frameworks */ = {
			isa = PBXFrameworksBuildPhase;
			buildActionMask = 2147483647;
			files = (
				68D7A372E1990179EC4D8EFA /* Pods_RedditCloneTests.framework in Frameworks */,
			);
			runOnlyForDeploymentPostprocessing = 0;
		};
		012FB08D2327F9FB005F69B9 /* Frameworks */ = {
			isa = PBXFrameworksBuildPhase;
			buildActionMask = 2147483647;
			files = (
			);
			runOnlyForDeploymentPostprocessing = 0;
		};
/* End PBXFrameworksBuildPhase section */

/* Begin PBXGroup section */
		012FB0682327F9FA005F69B9 = {
			isa = PBXGroup;
			children = (
				012FB0732327F9FA005F69B9 /* RedditClone */,
				012FB0882327F9FB005F69B9 /* RedditCloneTests */,
				018B96B723D29BBD0093D047 /* RedditCloneTestHelpers */,
				012FB0932327F9FB005F69B9 /* RedditCloneUITests */,
				012FB0722327F9FA005F69B9 /* Products */,
				3EDB1063B711695B09B60CB6 /* Pods */,
				75AD1FB5B3F1E41E5224BA82 /* Frameworks */,
			);
			sourceTree = "<group>";
		};
		012FB0722327F9FA005F69B9 /* Products */ = {
			isa = PBXGroup;
			children = (
				012FB0712327F9FA005F69B9 /* RedditClone.app */,
				012FB0852327F9FB005F69B9 /* RedditCloneTests.xctest */,
				012FB0902327F9FB005F69B9 /* RedditCloneUITests.xctest */,
			);
			name = Products;
			sourceTree = "<group>";
		};
		012FB0732327F9FA005F69B9 /* RedditClone */ = {
			isa = PBXGroup;
			children = (
				01C24E4F23D004480090E548 /* Factory */,
				0162DC7B23CD69F4006CE5B0 /* Networking */,
				012FB0BA232947FA005F69B9 /* Services */,
				012FB0B523287446005F69B9 /* Views */,
				012FB0B22328702B005F69B9 /* Cells */,
				012FB0AF23286BEE005F69B9 /* DataManagers */,
				012FB0AC232869D8005F69B9 /* Extensions */,
				012FB0A523283BE9005F69B9 /* ViewControllers */,
				012FB0A423283BDF005F69B9 /* Models */,
				012FB0A323283BD3005F69B9 /* ViewModels */,
				012FB0A223283BC4005F69B9 /* Coordinators */,
				012FB0742327F9FA005F69B9 /* AppDelegate.swift */,
				012FB0782327F9FA005F69B9 /* Main.storyboard */,
				012FB07B2327F9FB005F69B9 /* Assets.xcassets */,
				012FB07D2327F9FB005F69B9 /* LaunchScreen.storyboard */,
				012FB0802327F9FB005F69B9 /* Info.plist */,
			);
			path = RedditClone;
			sourceTree = "<group>";
		};
		012FB0882327F9FB005F69B9 /* RedditCloneTests */ = {
			isa = PBXGroup;
			children = (
				0171D27C23D36DDF0078C660 /* Coordinators */,
				0171D27423D360EC0078C660 /* Services */,
				018B96BA23D2A1B40093D047 /* ViewControllers */,
				018B96B423D28BEC0093D047 /* ViewModels */,
				012FB08B2327F9FB005F69B9 /* Info.plist */,
			);
			path = RedditCloneTests;
			sourceTree = "<group>";
		};
		012FB0932327F9FB005F69B9 /* RedditCloneUITests */ = {
			isa = PBXGroup;
			children = (
				0171D29623D3B5340078C660 /* UITestHelpers */,
				0171D28E23D3AFAB0078C660 /* UITestFactory */,
				012FB0942327F9FB005F69B9 /* RedditCloneUITests.swift */,
				012FB0962327F9FB005F69B9 /* Info.plist */,
			);
			path = RedditCloneUITests;
			sourceTree = "<group>";
		};
		012FB0A223283BC4005F69B9 /* Coordinators */ = {
			isa = PBXGroup;
			children = (
				012FB0A623283BFF005F69B9 /* Coordinator.swift */,
				012FB0A823283C97005F69B9 /* HomeCoordinator.swift */,
				0171D27F23D3713E0078C660 /* Router.swift */,
			);
			path = Coordinators;
			sourceTree = "<group>";
		};
		012FB0A323283BD3005F69B9 /* ViewModels */ = {
			isa = PBXGroup;
			children = (
				012FB0AA23283F42005F69B9 /* PostsViewModel.swift */,
				018B96A623D0ABD30093D047 /* SubredditsViewModel.swift */,
			);
			path = ViewModels;
			sourceTree = "<group>";
		};
		012FB0A423283BDF005F69B9 /* Models */ = {
			isa = PBXGroup;
			children = (
				012FB0B823287788005F69B9 /* PostsResponse.swift */,
				01CF99FA23CD47C1007457B8 /* Post.swift */,
				018B96AC23D0B9700093D047 /* SubredditResponse.swift */,
				018B96AE23D0B9960093D047 /* Subreddit.swift */,
			);
			path = Models;
			sourceTree = "<group>";
		};
		012FB0A523283BE9005F69B9 /* ViewControllers */ = {
			isa = PBXGroup;
			children = (
				012FB0762327F9FA005F69B9 /* PostsViewController.swift */,
				01CF99EF23CBDB7F007457B8 /* SubredditsViewController.swift */,
			);
			path = ViewControllers;
			sourceTree = "<group>";
		};
		012FB0AC232869D8005F69B9 /* Extensions */ = {
			isa = PBXGroup;
			children = (
				012FB0AD232869E9005F69B9 /* UINavigationController+Extensions.swift */,
				01CF99EB23C9794F007457B8 /* UIImageView+Extensions.swift */,
				01CF99ED23CA9F0F007457B8 /* UITextField+Extensions.swift */,
				01CF99F123CBDCA9007457B8 /* UIViewController+Extensions.swift */,
				01CF99F323CBED94007457B8 /* DispatchQueue+Extensions.swift */,
			);
			path = Extensions;
			sourceTree = "<group>";
		};
		012FB0AF23286BEE005F69B9 /* DataManagers */ = {
			isa = PBXGroup;
			children = (
				012FB0B023286BFE005F69B9 /* PostsDataManager.swift */,
			);
			path = DataManagers;
			sourceTree = "<group>";
		};
		012FB0B22328702B005F69B9 /* Cells */ = {
			isa = PBXGroup;
			children = (
				012FB0B32328703A005F69B9 /* PostTableViewCell.swift */,
			);
			path = Cells;
			sourceTree = "<group>";
		};
		012FB0B523287446005F69B9 /* Views */ = {
			isa = PBXGroup;
			children = (
				012FB0B623287451005F69B9 /* PostsView.swift */,
			);
			path = Views;
			sourceTree = "<group>";
		};
		012FB0BA232947FA005F69B9 /* Services */ = {
			isa = PBXGroup;
			children = (
				012FB0BB23294812005F69B9 /* PostsService.swift */,
				018B96A823D0ADF40093D047 /* SubredditsService.swift */,
			);
			path = Services;
			sourceTree = "<group>";
		};
		0162DC7B23CD69F4006CE5B0 /* Networking */ = {
			isa = PBXGroup;
			children = (
				01CF99F823CD2AD3007457B8 /* Endpoint.swift */,
				01CF99F523CC0B28007457B8 /* Networking.swift */,
				01CF99F723CD2AB6007457B8 /* Endpoints */,
			);
			path = Networking;
			sourceTree = "<group>";
		};
		0171D27423D360EC0078C660 /* Services */ = {
			isa = PBXGroup;
			children = (
				0171D27523D361490078C660 /* PostsServiceTests.swift */,
				0171D28823D37A5C0078C660 /* SubredditsServiceTests.swift */,
			);
			path = Services;
			sourceTree = "<group>";
		};
		0171D27C23D36DDF0078C660 /* Coordinators */ = {
			isa = PBXGroup;
			children = (
				0171D27D23D36E670078C660 /* HomeCoordinatorTests.swift */,
			);
			path = Coordinators;
			sourceTree = "<group>";
		};
		0171D28E23D3AFAB0078C660 /* UITestFactory */ = {
			isa = PBXGroup;
			children = (
				0171D28F23D3AFBF0078C660 /* Screens */,
				0171D29223D3AFF10078C660 /* UITestFactory.swift */,
			);
			path = UITestFactory;
			sourceTree = "<group>";
		};
		0171D28F23D3AFBF0078C660 /* Screens */ = {
			isa = PBXGroup;
			children = (
				0171D29023D3AFCF0078C660 /* HomeScreen.swift */,
				0171D29423D3B40C0078C660 /* SubredditScreen.swift */,
			);
			path = Screens;
			sourceTree = "<group>";
		};
		0171D29623D3B5340078C660 /* UITestHelpers */ = {
			isa = PBXGroup;
			children = (
				0171D29723D3B5410078C660 /* UITestHelpers.swift */,
				0171D29923D3B5BB0078C660 /* App.swift */,
			);
			path = UITestHelpers;
			sourceTree = "<group>";
		};
		018B96B423D28BEC0093D047 /* ViewModels */ = {
			isa = PBXGroup;
			children = (
				018B96B523D294590093D047 /* PostsViewModelTests.swift */,
				0171D28423D377BC0078C660 /* SubredditsViewModelTests.swift */,
			);
			path = ViewModels;
			sourceTree = "<group>";
		};
		018B96B723D29BBD0093D047 /* RedditCloneTestHelpers */ = {
			isa = PBXGroup;
			children = (
				018B96B823D29C0A0093D047 /* MockPostsService.swift */,
				018B96BD23D2A3FD0093D047 /* MockPostsViewModel.swift */,
				0171D27723D361860078C660 /* MockNetworking.swift */,
				0171D28123D3732F0078C660 /* MockRouter.swift */,
				0171D28623D3784B0078C660 /* MockSubredditsService.swift */,
				0171D28A23D37B880078C660 /* MockSubredditsViewModel.swift */,
			);
			path = RedditCloneTestHelpers;
			sourceTree = "<group>";
		};
		018B96BA23D2A1B40093D047 /* ViewControllers */ = {
			isa = PBXGroup;
			children = (
				018B96BB23D2A3620093D047 /* PostsViewControllerTests.swift */,
				0171D28C23D37BF70078C660 /* SubredditsViewControllerTests.swift */,
			);
			path = ViewControllers;
			sourceTree = "<group>";
		};
		01C24E4F23D004480090E548 /* Factory */ = {
			isa = PBXGroup;
			children = (
				01C24E5223D0049A0090E548 /* Views */,
				01C24E5023D004730090E548 /* Factory.swift */,
				018B96B023D0DAA10093D047 /* Colors.swift */,
			);
			path = Factory;
			sourceTree = "<group>";
		};
		01C24E5223D0049A0090E548 /* Views */ = {
			isa = PBXGroup;
			children = (
				0191312923D00A8C00D8F451 /* Banner.swift */,
				01C24E5323D004AB0090E548 /* Views.swift */,
			);
			path = Views;
			sourceTree = "<group>";
		};
		01CF99F723CD2AB6007457B8 /* Endpoints */ = {
			isa = PBXGroup;
			children = (
				0162DC7E23CEA224006CE5B0 /* PostsEndpoint.swift */,
				018B96AA23D0B5870093D047 /* SubredditsEndpoint.swift */,
			);
			path = Endpoints;
			sourceTree = "<group>";
		};
		3EDB1063B711695B09B60CB6 /* Pods */ = {
			isa = PBXGroup;
			children = (
				9B3CB537BAC48F357B26F66D /* Pods-RedditClone.debug.xcconfig */,
				A3F3A667715DB624C32CB6A6 /* Pods-RedditClone.release.xcconfig */,
				19A32A4326EEA32689A70A8D /* Pods-RedditCloneTests.debug.xcconfig */,
				D4649CDA985677FF3ED671AD /* Pods-RedditCloneTests.release.xcconfig */,
			);
			name = Pods;
			path = ../Pods;
			sourceTree = "<group>";
		};
		75AD1FB5B3F1E41E5224BA82 /* Frameworks */ = {
			isa = PBXGroup;
			children = (
				69CBF1E40203E714AE4EBA7D /* Pods_RedditClone.framework */,
				99760B6664453CF83B9452AD /* Pods_RedditCloneTests.framework */,
			);
			name = Frameworks;
			sourceTree = "<group>";
		};
/* End PBXGroup section */

/* Begin PBXNativeTarget section */
		012FB0702327F9FA005F69B9 /* RedditClone */ = {
			isa = PBXNativeTarget;
			buildConfigurationList = 012FB0992327F9FB005F69B9 /* Build configuration list for PBXNativeTarget "RedditClone" */;
			buildPhases = (
				7C60C441FCF75B635E301E45 /* [CP] Check Pods Manifest.lock */,
				012FB06D2327F9FA005F69B9 /* Sources */,
				012FB06E2327F9FA005F69B9 /* Frameworks */,
				012FB06F2327F9FA005F69B9 /* Resources */,
				F6BAB7895ACC1A982D2AE746 /* [CP] Embed Pods Frameworks */,
			);
			buildRules = (
			);
			dependencies = (
			);
			name = RedditClone;
			productName = RedditClone;
			productReference = 012FB0712327F9FA005F69B9 /* RedditClone.app */;
			productType = "com.apple.product-type.application";
		};
		012FB0842327F9FB005F69B9 /* RedditCloneTests */ = {
			isa = PBXNativeTarget;
			buildConfigurationList = 012FB09C2327F9FB005F69B9 /* Build configuration list for PBXNativeTarget "RedditCloneTests" */;
			buildPhases = (
				ABEC5DC49D34ABD38FFF4756 /* [CP] Check Pods Manifest.lock */,
				012FB0812327F9FB005F69B9 /* Sources */,
				012FB0822327F9FB005F69B9 /* Frameworks */,
				012FB0832327F9FB005F69B9 /* Resources */,
				AFE8E17802BD697CC05AC3CF /* [CP] Embed Pods Frameworks */,
			);
			buildRules = (
			);
			dependencies = (
				012FB0872327F9FB005F69B9 /* PBXTargetDependency */,
			);
			name = RedditCloneTests;
			productName = RedditCloneTests;
			productReference = 012FB0852327F9FB005F69B9 /* RedditCloneTests.xctest */;
			productType = "com.apple.product-type.bundle.unit-test";
		};
		012FB08F2327F9FB005F69B9 /* RedditCloneUITests */ = {
			isa = PBXNativeTarget;
			buildConfigurationList = 012FB09F2327F9FB005F69B9 /* Build configuration list for PBXNativeTarget "RedditCloneUITests" */;
			buildPhases = (
				012FB08C2327F9FB005F69B9 /* Sources */,
				012FB08D2327F9FB005F69B9 /* Frameworks */,
				012FB08E2327F9FB005F69B9 /* Resources */,
			);
			buildRules = (
			);
			dependencies = (
				012FB0922327F9FB005F69B9 /* PBXTargetDependency */,
			);
			name = RedditCloneUITests;
			productName = RedditCloneUITests;
			productReference = 012FB0902327F9FB005F69B9 /* RedditCloneUITests.xctest */;
			productType = "com.apple.product-type.bundle.ui-testing";
		};
/* End PBXNativeTarget section */

/* Begin PBXProject section */
		012FB0692327F9FA005F69B9 /* Project object */ = {
			isa = PBXProject;
			attributes = {
				LastSwiftUpdateCheck = 1020;
				LastUpgradeCheck = 1020;
				ORGANIZATIONNAME = "Brian Atiyeh";
				TargetAttributes = {
					012FB0702327F9FA005F69B9 = {
						CreatedOnToolsVersion = 10.2.1;
					};
					012FB0842327F9FB005F69B9 = {
						CreatedOnToolsVersion = 10.2.1;
						TestTargetID = 012FB0702327F9FA005F69B9;
					};
					012FB08F2327F9FB005F69B9 = {
						CreatedOnToolsVersion = 10.2.1;
						TestTargetID = 012FB0702327F9FA005F69B9;
					};
				};
			};
			buildConfigurationList = 012FB06C2327F9FA005F69B9 /* Build configuration list for PBXProject "RedditClone" */;
			compatibilityVersion = "Xcode 9.3";
			developmentRegion = en;
			hasScannedForEncodings = 0;
			knownRegions = (
				en,
				Base,
			);
			mainGroup = 012FB0682327F9FA005F69B9;
			productRefGroup = 012FB0722327F9FA005F69B9 /* Products */;
			projectDirPath = "";
			projectRoot = "";
			targets = (
				012FB0702327F9FA005F69B9 /* RedditClone */,
				012FB0842327F9FB005F69B9 /* RedditCloneTests */,
				012FB08F2327F9FB005F69B9 /* RedditCloneUITests */,
			);
		};
/* End PBXProject section */

/* Begin PBXResourcesBuildPhase section */
		012FB06F2327F9FA005F69B9 /* Resources */ = {
			isa = PBXResourcesBuildPhase;
			buildActionMask = 2147483647;
			files = (
				012FB07F2327F9FB005F69B9 /* LaunchScreen.storyboard in Resources */,
				012FB07C2327F9FB005F69B9 /* Assets.xcassets in Resources */,
				012FB07A2327F9FA005F69B9 /* Main.storyboard in Resources */,
			);
			runOnlyForDeploymentPostprocessing = 0;
		};
		012FB0832327F9FB005F69B9 /* Resources */ = {
			isa = PBXResourcesBuildPhase;
			buildActionMask = 2147483647;
			files = (
			);
			runOnlyForDeploymentPostprocessing = 0;
		};
		012FB08E2327F9FB005F69B9 /* Resources */ = {
			isa = PBXResourcesBuildPhase;
			buildActionMask = 2147483647;
			files = (
			);
			runOnlyForDeploymentPostprocessing = 0;
		};
/* End PBXResourcesBuildPhase section */

/* Begin PBXShellScriptBuildPhase section */
		7C60C441FCF75B635E301E45 /* [CP] Check Pods Manifest.lock */ = {
			isa = PBXShellScriptBuildPhase;
			buildActionMask = 2147483647;
			files = (
			);
			inputFileListPaths = (
			);
			inputPaths = (
				"${PODS_PODFILE_DIR_PATH}/Podfile.lock",
				"${PODS_ROOT}/Manifest.lock",
			);
			name = "[CP] Check Pods Manifest.lock";
			outputFileListPaths = (
			);
			outputPaths = (
				"$(DERIVED_FILE_DIR)/Pods-RedditClone-checkManifestLockResult.txt",
			);
			runOnlyForDeploymentPostprocessing = 0;
			shellPath = /bin/sh;
			shellScript = "diff \"${PODS_PODFILE_DIR_PATH}/Podfile.lock\" \"${PODS_ROOT}/Manifest.lock\" > /dev/null\nif [ $? != 0 ] ; then\n    # print error to STDERR\n    echo \"error: The sandbox is not in sync with the Podfile.lock. Run 'pod install' or update your CocoaPods installation.\" >&2\n    exit 1\nfi\n# This output is used by Xcode 'outputs' to avoid re-running this script phase.\necho \"SUCCESS\" > \"${SCRIPT_OUTPUT_FILE_0}\"\n";
			showEnvVarsInLog = 0;
		};
		ABEC5DC49D34ABD38FFF4756 /* [CP] Check Pods Manifest.lock */ = {
			isa = PBXShellScriptBuildPhase;
			buildActionMask = 2147483647;
			files = (
			);
			inputFileListPaths = (
			);
			inputPaths = (
				"${PODS_PODFILE_DIR_PATH}/Podfile.lock",
				"${PODS_ROOT}/Manifest.lock",
			);
			name = "[CP] Check Pods Manifest.lock";
			outputFileListPaths = (
			);
			outputPaths = (
				"$(DERIVED_FILE_DIR)/Pods-RedditCloneTests-checkManifestLockResult.txt",
			);
			runOnlyForDeploymentPostprocessing = 0;
			shellPath = /bin/sh;
			shellScript = "diff \"${PODS_PODFILE_DIR_PATH}/Podfile.lock\" \"${PODS_ROOT}/Manifest.lock\" > /dev/null\nif [ $? != 0 ] ; then\n    # print error to STDERR\n    echo \"error: The sandbox is not in sync with the Podfile.lock. Run 'pod install' or update your CocoaPods installation.\" >&2\n    exit 1\nfi\n# This output is used by Xcode 'outputs' to avoid re-running this script phase.\necho \"SUCCESS\" > \"${SCRIPT_OUTPUT_FILE_0}\"\n";
			showEnvVarsInLog = 0;
		};
		AFE8E17802BD697CC05AC3CF /* [CP] Embed Pods Frameworks */ = {
			isa = PBXShellScriptBuildPhase;
			buildActionMask = 2147483647;
			files = (
			);
			inputFileListPaths = (
				"${PODS_ROOT}/Target Support Files/Pods-RedditCloneTests/Pods-RedditCloneTests-frameworks-${CONFIGURATION}-input-files.xcfilelist",
			);
			name = "[CP] Embed Pods Frameworks";
			outputFileListPaths = (
				"${PODS_ROOT}/Target Support Files/Pods-RedditCloneTests/Pods-RedditCloneTests-frameworks-${CONFIGURATION}-output-files.xcfilelist",
			);
			runOnlyForDeploymentPostprocessing = 0;
			shellPath = /bin/sh;
			shellScript = "\"${PODS_ROOT}/Target Support Files/Pods-RedditCloneTests/Pods-RedditCloneTests-frameworks.sh\"\n";
			showEnvVarsInLog = 0;
		};
		F6BAB7895ACC1A982D2AE746 /* [CP] Embed Pods Frameworks */ = {
			isa = PBXShellScriptBuildPhase;
			buildActionMask = 2147483647;
			files = (
			);
			inputFileListPaths = (
				"${PODS_ROOT}/Target Support Files/Pods-RedditClone/Pods-RedditClone-frameworks-${CONFIGURATION}-input-files.xcfilelist",
			);
			name = "[CP] Embed Pods Frameworks";
			outputFileListPaths = (
				"${PODS_ROOT}/Target Support Files/Pods-RedditClone/Pods-RedditClone-frameworks-${CONFIGURATION}-output-files.xcfilelist",
			);
			runOnlyForDeploymentPostprocessing = 0;
			shellPath = /bin/sh;
			shellScript = "\"${PODS_ROOT}/Target Support Files/Pods-RedditClone/Pods-RedditClone-frameworks.sh\"\n";
			showEnvVarsInLog = 0;
		};
/* End PBXShellScriptBuildPhase section */

/* Begin PBXSourcesBuildPhase section */
		012FB06D2327F9FA005F69B9 /* Sources */ = {
			isa = PBXSourcesBuildPhase;
			buildActionMask = 2147483647;
			files = (
				01CF99EE23CA9F0F007457B8 /* UITextField+Extensions.swift in Sources */,
				012FB0AB23283F42005F69B9 /* PostsViewModel.swift in Sources */,
				01CF99F623CC0B28007457B8 /* Networking.swift in Sources */,
				018B96A923D0ADF40093D047 /* SubredditsService.swift in Sources */,
				012FB0AE232869E9005F69B9 /* UINavigationController+Extensions.swift in Sources */,
				012FB0B123286BFE005F69B9 /* PostsDataManager.swift in Sources */,
				0191312A23D00A8D00D8F451 /* Banner.swift in Sources */,
				012FB0B923287788005F69B9 /* PostsResponse.swift in Sources */,
				012FB0BC23294812005F69B9 /* PostsService.swift in Sources */,
				012FB0B42328703A005F69B9 /* PostTableViewCell.swift in Sources */,
				0162DC7F23CEA224006CE5B0 /* PostsEndpoint.swift in Sources */,
				01CF99F223CBDCA9007457B8 /* UIViewController+Extensions.swift in Sources */,
				01CF99EC23C9794F007457B8 /* UIImageView+Extensions.swift in Sources */,
				01CF99F923CD2AD3007457B8 /* Endpoint.swift in Sources */,
				01C24E5423D004AB0090E548 /* Views.swift in Sources */,
				018B96A723D0ABD30093D047 /* SubredditsViewModel.swift in Sources */,
				018B96AD23D0B9700093D047 /* SubredditResponse.swift in Sources */,
				01CF99F423CBED94007457B8 /* DispatchQueue+Extensions.swift in Sources */,
				012FB0772327F9FA005F69B9 /* PostsViewController.swift in Sources */,
				012FB0A923283C97005F69B9 /* HomeCoordinator.swift in Sources */,
				018B96B123D0DAA10093D047 /* Colors.swift in Sources */,
				018B96AF23D0B9960093D047 /* Subreddit.swift in Sources */,
				0171D28023D3713E0078C660 /* Router.swift in Sources */,
				012FB0A723283BFF005F69B9 /* Coordinator.swift in Sources */,
				01CF99F023CBDB7F007457B8 /* SubredditsViewController.swift in Sources */,
				018B96AB23D0B5870093D047 /* SubredditsEndpoint.swift in Sources */,
				01CF99FB23CD47C1007457B8 /* Post.swift in Sources */,
				012FB0752327F9FA005F69B9 /* AppDelegate.swift in Sources */,
				012FB0B723287451005F69B9 /* PostsView.swift in Sources */,
				01C24E5123D004730090E548 /* Factory.swift in Sources */,
			);
			runOnlyForDeploymentPostprocessing = 0;
		};
		012FB0812327F9FB005F69B9 /* Sources */ = {
			isa = PBXSourcesBuildPhase;
			buildActionMask = 2147483647;
			files = (
				0171D28723D3784B0078C660 /* MockSubredditsService.swift in Sources */,
				018B96BC23D2A3620093D047 /* PostsViewControllerTests.swift in Sources */,
				0171D27623D361490078C660 /* PostsServiceTests.swift in Sources */,
				0171D28923D37A5C0078C660 /* SubredditsServiceTests.swift in Sources */,
				0171D27E23D36E670078C660 /* HomeCoordinatorTests.swift in Sources */,
				018B96BE23D2A3FD0093D047 /* MockPostsViewModel.swift in Sources */,
				0171D28D23D37BF70078C660 /* SubredditsViewControllerTests.swift in Sources */,
				0171D27823D361860078C660 /* MockNetworking.swift in Sources */,
				0171D28B23D37B880078C660 /* MockSubredditsViewModel.swift in Sources */,
				018B96B923D29C0A0093D047 /* MockPostsService.swift in Sources */,
				0171D28323D373A40078C660 /* MockRouter.swift in Sources */,
				018B96B623D294590093D047 /* PostsViewModelTests.swift in Sources */,
				0171D28523D377BC0078C660 /* SubredditsViewModelTests.swift in Sources */,
			);
			runOnlyForDeploymentPostprocessing = 0;
		};
		012FB08C2327F9FB005F69B9 /* Sources */ = {
			isa = PBXSourcesBuildPhase;
			buildActionMask = 2147483647;
			files = (
				0171D29323D3AFF10078C660 /* UITestFactory.swift in Sources */,
				0171D29123D3AFCF0078C660 /* HomeScreen.swift in Sources */,
				0171D29523D3B40C0078C660 /* SubredditScreen.swift in Sources */,
				0171D29A23D3B5BB0078C660 /* App.swift in Sources */,
				0171D29823D3B5410078C660 /* UITestHelpers.swift in Sources */,
				012FB0952327F9FB005F69B9 /* RedditCloneUITests.swift in Sources */,
			);
			runOnlyForDeploymentPostprocessing = 0;
		};
/* End PBXSourcesBuildPhase section */

/* Begin PBXTargetDependency section */
		012FB0872327F9FB005F69B9 /* PBXTargetDependency */ = {
			isa = PBXTargetDependency;
			target = 012FB0702327F9FA005F69B9 /* RedditClone */;
			targetProxy = 012FB0862327F9FB005F69B9 /* PBXContainerItemProxy */;
		};
		012FB0922327F9FB005F69B9 /* PBXTargetDependency */ = {
			isa = PBXTargetDependency;
			target = 012FB0702327F9FA005F69B9 /* RedditClone */;
			targetProxy = 012FB0912327F9FB005F69B9 /* PBXContainerItemProxy */;
		};
/* End PBXTargetDependency section */

/* Begin PBXVariantGroup section */
		012FB0782327F9FA005F69B9 /* Main.storyboard */ = {
			isa = PBXVariantGroup;
			children = (
				012FB0792327F9FA005F69B9 /* Base */,
			);
			name = Main.storyboard;
			sourceTree = "<group>";
		};
		012FB07D2327F9FB005F69B9 /* LaunchScreen.storyboard */ = {
			isa = PBXVariantGroup;
			children = (
				012FB07E2327F9FB005F69B9 /* Base */,
			);
			name = LaunchScreen.storyboard;
			sourceTree = "<group>";
		};
/* End PBXVariantGroup section */

/* Begin XCBuildConfiguration section */
		012FB0972327F9FB005F69B9 /* Debug */ = {
			isa = XCBuildConfiguration;
			buildSettings = {
				ALWAYS_SEARCH_USER_PATHS = NO;
				CLANG_ANALYZER_NONNULL = YES;
				CLANG_ANALYZER_NUMBER_OBJECT_CONVERSION = YES_AGGRESSIVE;
				CLANG_CXX_LANGUAGE_STANDARD = "gnu++14";
				CLANG_CXX_LIBRARY = "libc++";
				CLANG_ENABLE_MODULES = YES;
				CLANG_ENABLE_OBJC_ARC = YES;
				CLANG_ENABLE_OBJC_WEAK = YES;
				CLANG_WARN_BLOCK_CAPTURE_AUTORELEASING = YES;
				CLANG_WARN_BOOL_CONVERSION = YES;
				CLANG_WARN_COMMA = YES;
				CLANG_WARN_CONSTANT_CONVERSION = YES;
				CLANG_WARN_DEPRECATED_OBJC_IMPLEMENTATIONS = YES;
				CLANG_WARN_DIRECT_OBJC_ISA_USAGE = YES_ERROR;
				CLANG_WARN_DOCUMENTATION_COMMENTS = YES;
				CLANG_WARN_EMPTY_BODY = YES;
				CLANG_WARN_ENUM_CONVERSION = YES;
				CLANG_WARN_INFINITE_RECURSION = YES;
				CLANG_WARN_INT_CONVERSION = YES;
				CLANG_WARN_NON_LITERAL_NULL_CONVERSION = YES;
				CLANG_WARN_OBJC_IMPLICIT_RETAIN_SELF = YES;
				CLANG_WARN_OBJC_LITERAL_CONVERSION = YES;
				CLANG_WARN_OBJC_ROOT_CLASS = YES_ERROR;
				CLANG_WARN_RANGE_LOOP_ANALYSIS = YES;
				CLANG_WARN_STRICT_PROTOTYPES = YES;
				CLANG_WARN_SUSPICIOUS_MOVE = YES;
				CLANG_WARN_UNGUARDED_AVAILABILITY = YES_AGGRESSIVE;
				CLANG_WARN_UNREACHABLE_CODE = YES;
				CLANG_WARN__DUPLICATE_METHOD_MATCH = YES;
				CODE_SIGN_IDENTITY = "iPhone Developer";
				COPY_PHASE_STRIP = NO;
				DEBUG_INFORMATION_FORMAT = dwarf;
				ENABLE_STRICT_OBJC_MSGSEND = YES;
				ENABLE_TESTABILITY = YES;
				GCC_C_LANGUAGE_STANDARD = gnu11;
				GCC_DYNAMIC_NO_PIC = NO;
				GCC_NO_COMMON_BLOCKS = YES;
				GCC_OPTIMIZATION_LEVEL = 0;
				GCC_PREPROCESSOR_DEFINITIONS = (
					"DEBUG=1",
					"$(inherited)",
				);
				GCC_WARN_64_TO_32_BIT_CONVERSION = YES;
				GCC_WARN_ABOUT_RETURN_TYPE = YES_ERROR;
				GCC_WARN_UNDECLARED_SELECTOR = YES;
				GCC_WARN_UNINITIALIZED_AUTOS = YES_AGGRESSIVE;
				GCC_WARN_UNUSED_FUNCTION = YES;
				GCC_WARN_UNUSED_VARIABLE = YES;
				IPHONEOS_DEPLOYMENT_TARGET = 12.2;
				MTL_ENABLE_DEBUG_INFO = INCLUDE_SOURCE;
				MTL_FAST_MATH = YES;
				ONLY_ACTIVE_ARCH = YES;
				SDKROOT = iphoneos;
				SWIFT_ACTIVE_COMPILATION_CONDITIONS = DEBUG;
				SWIFT_OPTIMIZATION_LEVEL = "-Onone";
			};
			name = Debug;
		};
		012FB0982327F9FB005F69B9 /* Release */ = {
			isa = XCBuildConfiguration;
			buildSettings = {
				ALWAYS_SEARCH_USER_PATHS = NO;
				CLANG_ANALYZER_NONNULL = YES;
				CLANG_ANALYZER_NUMBER_OBJECT_CONVERSION = YES_AGGRESSIVE;
				CLANG_CXX_LANGUAGE_STANDARD = "gnu++14";
				CLANG_CXX_LIBRARY = "libc++";
				CLANG_ENABLE_MODULES = YES;
				CLANG_ENABLE_OBJC_ARC = YES;
				CLANG_ENABLE_OBJC_WEAK = YES;
				CLANG_WARN_BLOCK_CAPTURE_AUTORELEASING = YES;
				CLANG_WARN_BOOL_CONVERSION = YES;
				CLANG_WARN_COMMA = YES;
				CLANG_WARN_CONSTANT_CONVERSION = YES;
				CLANG_WARN_DEPRECATED_OBJC_IMPLEMENTATIONS = YES;
				CLANG_WARN_DIRECT_OBJC_ISA_USAGE = YES_ERROR;
				CLANG_WARN_DOCUMENTATION_COMMENTS = YES;
				CLANG_WARN_EMPTY_BODY = YES;
				CLANG_WARN_ENUM_CONVERSION = YES;
				CLANG_WARN_INFINITE_RECURSION = YES;
				CLANG_WARN_INT_CONVERSION = YES;
				CLANG_WARN_NON_LITERAL_NULL_CONVERSION = YES;
				CLANG_WARN_OBJC_IMPLICIT_RETAIN_SELF = YES;
				CLANG_WARN_OBJC_LITERAL_CONVERSION = YES;
				CLANG_WARN_OBJC_ROOT_CLASS = YES_ERROR;
				CLANG_WARN_RANGE_LOOP_ANALYSIS = YES;
				CLANG_WARN_STRICT_PROTOTYPES = YES;
				CLANG_WARN_SUSPICIOUS_MOVE = YES;
				CLANG_WARN_UNGUARDED_AVAILABILITY = YES_AGGRESSIVE;
				CLANG_WARN_UNREACHABLE_CODE = YES;
				CLANG_WARN__DUPLICATE_METHOD_MATCH = YES;
				CODE_SIGN_IDENTITY = "iPhone Developer";
				COPY_PHASE_STRIP = NO;
				DEBUG_INFORMATION_FORMAT = "dwarf-with-dsym";
				ENABLE_NS_ASSERTIONS = NO;
				ENABLE_STRICT_OBJC_MSGSEND = YES;
				GCC_C_LANGUAGE_STANDARD = gnu11;
				GCC_NO_COMMON_BLOCKS = YES;
				GCC_WARN_64_TO_32_BIT_CONVERSION = YES;
				GCC_WARN_ABOUT_RETURN_TYPE = YES_ERROR;
				GCC_WARN_UNDECLARED_SELECTOR = YES;
				GCC_WARN_UNINITIALIZED_AUTOS = YES_AGGRESSIVE;
				GCC_WARN_UNUSED_FUNCTION = YES;
				GCC_WARN_UNUSED_VARIABLE = YES;
				IPHONEOS_DEPLOYMENT_TARGET = 12.2;
				MTL_ENABLE_DEBUG_INFO = NO;
				MTL_FAST_MATH = YES;
				SDKROOT = iphoneos;
				SWIFT_COMPILATION_MODE = wholemodule;
				SWIFT_OPTIMIZATION_LEVEL = "-O";
				VALIDATE_PRODUCT = YES;
			};
			name = Release;
		};
		012FB09A2327F9FB005F69B9 /* Debug */ = {
			isa = XCBuildConfiguration;
			baseConfigurationReference = 9B3CB537BAC48F357B26F66D /* Pods-RedditClone.debug.xcconfig */;
			buildSettings = {
				ASSETCATALOG_COMPILER_APPICON_NAME = AppIcon;
				CODE_SIGN_STYLE = Automatic;
				INFOPLIST_FILE = RedditClone/Info.plist;
				LD_RUNPATH_SEARCH_PATHS = (
					"$(inherited)",
					"@executable_path/Frameworks",
				);
				PRODUCT_BUNDLE_IDENTIFIER = com.brianatiyeh.RedditClone;
				PRODUCT_NAME = "$(TARGET_NAME)";
				SWIFT_VERSION = 5.0;
				TARGETED_DEVICE_FAMILY = "1,2";
			};
			name = Debug;
		};
		012FB09B2327F9FB005F69B9 /* Release */ = {
			isa = XCBuildConfiguration;
			baseConfigurationReference = A3F3A667715DB624C32CB6A6 /* Pods-RedditClone.release.xcconfig */;
			buildSettings = {
				ASSETCATALOG_COMPILER_APPICON_NAME = AppIcon;
				CODE_SIGN_STYLE = Automatic;
				INFOPLIST_FILE = RedditClone/Info.plist;
				LD_RUNPATH_SEARCH_PATHS = (
					"$(inherited)",
					"@executable_path/Frameworks",
				);
				PRODUCT_BUNDLE_IDENTIFIER = com.brianatiyeh.RedditClone;
				PRODUCT_NAME = "$(TARGET_NAME)";
				SWIFT_VERSION = 5.0;
				TARGETED_DEVICE_FAMILY = "1,2";
			};
			name = Release;
		};
		012FB09D2327F9FB005F69B9 /* Debug */ = {
			isa = XCBuildConfiguration;
			baseConfigurationReference = 19A32A4326EEA32689A70A8D /* Pods-RedditCloneTests.debug.xcconfig */;
			buildSettings = {
				ALWAYS_EMBED_SWIFT_STANDARD_LIBRARIES = YES;
				BUNDLE_LOADER = "$(TEST_HOST)";
				CODE_SIGN_STYLE = Automatic;
				INFOPLIST_FILE = RedditCloneTests/Info.plist;
				LD_RUNPATH_SEARCH_PATHS = (
					"$(inherited)",
					"@executable_path/Frameworks",
					"@loader_path/Frameworks",
				);
				PRODUCT_BUNDLE_IDENTIFIER = com.brianatiyeh.RedditCloneTests;
				PRODUCT_NAME = "$(TARGET_NAME)";
				SWIFT_VERSION = 5.0;
				TARGETED_DEVICE_FAMILY = "1,2";
				TEST_HOST = "$(BUILT_PRODUCTS_DIR)/RedditClone.app/RedditClone";
			};
			name = Debug;
		};
		012FB09E2327F9FB005F69B9 /* Release */ = {
			isa = XCBuildConfiguration;
			baseConfigurationReference = D4649CDA985677FF3ED671AD /* Pods-RedditCloneTests.release.xcconfig */;
			buildSettings = {
				ALWAYS_EMBED_SWIFT_STANDARD_LIBRARIES = YES;
				BUNDLE_LOADER = "$(TEST_HOST)";
				CODE_SIGN_STYLE = Automatic;
				INFOPLIST_FILE = RedditCloneTests/Info.plist;
				LD_RUNPATH_SEARCH_PATHS = (
					"$(inherited)",
					"@executable_path/Frameworks",
					"@loader_path/Frameworks",
				);
				PRODUCT_BUNDLE_IDENTIFIER = com.brianatiyeh.RedditCloneTests;
				PRODUCT_NAME = "$(TARGET_NAME)";
				SWIFT_VERSION = 5.0;
				TARGETED_DEVICE_FAMILY = "1,2";
				TEST_HOST = "$(BUILT_PRODUCTS_DIR)/RedditClone.app/RedditClone";
			};
			name = Release;
		};
		012FB0A02327F9FB005F69B9 /* Debug */ = {
			isa = XCBuildConfiguration;
			buildSettings = {
				ALWAYS_EMBED_SWIFT_STANDARD_LIBRARIES = YES;
				CODE_SIGN_STYLE = Automatic;
				INFOPLIST_FILE = RedditCloneUITests/Info.plist;
				LD_RUNPATH_SEARCH_PATHS = (
					"$(inherited)",
					"@executable_path/Frameworks",
					"@loader_path/Frameworks",
				);
				PRODUCT_BUNDLE_IDENTIFIER = com.brianatiyeh.RedditCloneUITests;
				PRODUCT_NAME = "$(TARGET_NAME)";
				SWIFT_VERSION = 5.0;
				TARGETED_DEVICE_FAMILY = "1,2";
				TEST_TARGET_NAME = RedditClone;
			};
			name = Debug;
		};
		012FB0A12327F9FB005F69B9 /* Release */ = {
			isa = XCBuildConfiguration;
			buildSettings = {
				ALWAYS_EMBED_SWIFT_STANDARD_LIBRARIES = YES;
				CODE_SIGN_STYLE = Automatic;
				INFOPLIST_FILE = RedditCloneUITests/Info.plist;
				LD_RUNPATH_SEARCH_PATHS = (
					"$(inherited)",
					"@executable_path/Frameworks",
					"@loader_path/Frameworks",
				);
				PRODUCT_BUNDLE_IDENTIFIER = com.brianatiyeh.RedditCloneUITests;
				PRODUCT_NAME = "$(TARGET_NAME)";
				SWIFT_VERSION = 5.0;
				TARGETED_DEVICE_FAMILY = "1,2";
				TEST_TARGET_NAME = RedditClone;
			};
			name = Release;
		};
/* End XCBuildConfiguration section */

/* Begin XCConfigurationList section */
		012FB06C2327F9FA005F69B9 /* Build configuration list for PBXProject "RedditClone" */ = {
			isa = XCConfigurationList;
			buildConfigurations = (
				012FB0972327F9FB005F69B9 /* Debug */,
				012FB0982327F9FB005F69B9 /* Release */,
			);
			defaultConfigurationIsVisible = 0;
			defaultConfigurationName = Release;
		};
		012FB0992327F9FB005F69B9 /* Build configuration list for PBXNativeTarget "RedditClone" */ = {
			isa = XCConfigurationList;
			buildConfigurations = (
				012FB09A2327F9FB005F69B9 /* Debug */,
				012FB09B2327F9FB005F69B9 /* Release */,
			);
			defaultConfigurationIsVisible = 0;
			defaultConfigurationName = Release;
		};
		012FB09C2327F9FB005F69B9 /* Build configuration list for PBXNativeTarget "RedditCloneTests" */ = {
			isa = XCConfigurationList;
			buildConfigurations = (
				012FB09D2327F9FB005F69B9 /* Debug */,
				012FB09E2327F9FB005F69B9 /* Release */,
			);
			defaultConfigurationIsVisible = 0;
			defaultConfigurationName = Release;
		};
		012FB09F2327F9FB005F69B9 /* Build configuration list for PBXNativeTarget "RedditCloneUITests" */ = {
			isa = XCConfigurationList;
			buildConfigurations = (
				012FB0A02327F9FB005F69B9 /* Debug */,
				012FB0A12327F9FB005F69B9 /* Release */,
			);
			defaultConfigurationIsVisible = 0;
			defaultConfigurationName = Release;
		};
/* End XCConfigurationList section */
	};
	rootObject = 012FB0692327F9FA005F69B9 /* Project object */;
}
